
Microsoft Visual Studio Solution File, Format Version 12.00
# Visual Studio Version 16
VisualStudioVersion = 16.0.30225.117
MinimumVisualStudioVersion = 10.0.40219.1
Project("{FAE04EC0-301F-11D3-BF4B-00C04F79EFBC}") = "WindowsFormsApp51", "WindowsFormsApp51\WindowsFormsApp51.csproj", "{A240233E-88AA-4B90-89CD-FB24EDD272EF}"
EndProject
Global
	GlobalSection(SolutionConfigurationPlatforms) = preSolution
		Debug|Any CPU = Debug|Any CPU
		Release|Any CPU = Release|Any CPU
	EndGlobalSection
	GlobalSection(ProjectConfigurationPlatforms) = postSolution
		{A240233E-88AA-4B90-89CD-FB24EDD272EF}.Debug|Any CPU.ActiveCfg = Debug|Any CPU
		{A240233E-88AA-4B90-89CD-FB24EDD272EF}.Debug|Any CPU.Build.0 = Debug|Any CPU
		{A240233E-88AA-4B90-89CD-FB24EDD272EF}.Release|Any CPU.ActiveCfg = Release|Any CPU
		{A240233E-88AA-4B90-89CD-FB24EDD272EF}.Release|Any CPU.Build.0 = Release|Any CPU
	EndGlobalSection
	GlobalSection(SolutionProperties) = preSolution
		HideSolutionNode = FALSE
	EndGlobalSection
	GlobalSection(ExtensibilityGlobals) = postSolution
		SolutionGuid = {E0C28BFC-12FA-4536-951D-E259BDC65512}
	EndGlobalSection
EndGlobal
